
Microsoft Visual Studio Solution File, Format Version 12.00
# Visual Studio 14
VisualStudioVersion = 14.0.23107.0
MinimumVisualStudioVersion = 10.0.40219.1
Project("{FAE04EC0-301F-11D3-BF4B-00C04F79EFBC}") = "MvcMovie", "MvcMovie\MvcMovie.csproj", "{9BBBA709-3C32-47AE-858C-D886E518E912}"
EndProject
Project("{FAE04EC0-301F-11D3-BF4B-00C04F79EFBC}") = "ContosoUniversity", "ContosoUniversity\ContosoUniversity.csproj", "{D3ED56FA-4B63-4845-9A70-B9C1242831A0}"
EndProject
Project("{00D1A9C2-B5F0-4AF3-8072-F6C62B433612}") = "ContosoUniversityData", "ContosoUniversityData\ContosoUniversityData.sqlproj", "{2164528A-51CB-46A4-8447-53A43AE82594}"
EndProject
Project("{FAE04EC0-301F-11D3-BF4B-00C04F79EFBC}") = "ContosoSite", "ContosoSite\ContosoSite.csproj", "{CB63AB3A-F5D0-4D10-BDF1-F2A5F02E781E}"
EndProject
Project("{FAE04EC0-301F-11D3-BF4B-00C04F79EFBC}") = "ContactManager", "ContactManager\ContactManager.csproj", "{3CDA7F39-0FB8-4D10-B28F-D9631FB3379E}"
EndProject
Project("{FAE04EC0-301F-11D3-BF4B-00C04F79EFBC}") = "BasicTemplate", "BasicTemplate\BasicTemplate.csproj", "{1D82580A-F1F6-4F98-ABF2-742135237B1D}"
EndProject
Project("{FAE04EC0-301F-11D3-BF4B-00C04F79EFBC}") = "LocalUsers", "LocalUsers\LocalUsers.csproj", "{33AFAC2C-84DD-4863-8D1B-0193EAC0813B}"
EndProject
Project("{FAE04EC0-301F-11D3-BF4B-00C04F79EFBC}") = "BasicTwoFactor", "BasicTwoFactor\BasicTwoFactor.csproj", "{F99AF5C2-86FC-4435-9DDE-D15F904BA386}"
EndProject
Project("{FAE04EC0-301F-11D3-BF4B-00C04F79EFBC}") = "BestPractices1", "BestPractices1\BestPractices1.csproj", "{8B88F188-0B0C-40F5-8B83-58E07A6D85F4}"
EndProject
Project("{CC5FD16D-436D-48AD-A40C-5A424C6E3E79}") = "WorkerRoleSample", "WorkerRoleSample\WorkerRoleSample.ccproj", "{BEE2EA4F-7A6F-4903-8541-EA089E62EF03}"
EndProject
Project("{FAE04EC0-301F-11D3-BF4B-00C04F79EFBC}") = "WorkerRole1", "WorkerRole1\WorkerRole1.csproj", "{F0B68CAF-D8DE-409B-AC3D-4154363E4E2E}"
	ProjectSection(ProjectDependencies) = postProject
		{92D0718B-C768-4AE5-B4BC-FEF26953B64C} = {92D0718B-C768-4AE5-B4BC-FEF26953B64C}
	EndProjectSection
EndProject
Project("{FAE04EC0-301F-11D3-BF4B-00C04F79EFBC}") = "ConsoleAppForWorkerRoleSample", "ConsoleAppForWorkerRoleSample\ConsoleAppForWorkerRoleSample.csproj", "{92D0718B-C768-4AE5-B4BC-FEF26953B64C}"
EndProject
Global
	GlobalSection(SolutionConfigurationPlatforms) = preSolution
		Debug|Any CPU = Debug|Any CPU
		Release|Any CPU = Release|Any CPU
	EndGlobalSection
	GlobalSection(ProjectConfigurationPlatforms) = postSolution
		{9BBBA709-3C32-47AE-858C-D886E518E912}.Debug|Any CPU.ActiveCfg = Debug|Any CPU
		{9BBBA709-3C32-47AE-858C-D886E518E912}.Debug|Any CPU.Build.0 = Debug|Any CPU
		{9BBBA709-3C32-47AE-858C-D886E518E912}.Release|Any CPU.ActiveCfg = Release|Any CPU
		{9BBBA709-3C32-47AE-858C-D886E518E912}.Release|Any CPU.Build.0 = Release|Any CPU
		{D3ED56FA-4B63-4845-9A70-B9C1242831A0}.Debug|Any CPU.ActiveCfg = Debug|Any CPU
		{D3ED56FA-4B63-4845-9A70-B9C1242831A0}.Debug|Any CPU.Build.0 = Debug|Any CPU
		{D3ED56FA-4B63-4845-9A70-B9C1242831A0}.Release|Any CPU.ActiveCfg = Release|Any CPU
		{D3ED56FA-4B63-4845-9A70-B9C1242831A0}.Release|Any CPU.Build.0 = Release|Any CPU
		{2164528A-51CB-46A4-8447-53A43AE82594}.Debug|Any CPU.ActiveCfg = Debug|Any CPU
		{2164528A-51CB-46A4-8447-53A43AE82594}.Debug|Any CPU.Build.0 = Debug|Any CPU
		{2164528A-51CB-46A4-8447-53A43AE82594}.Debug|Any CPU.Deploy.0 = Debug|Any CPU
		{2164528A-51CB-46A4-8447-53A43AE82594}.Release|Any CPU.ActiveCfg = Release|Any CPU
		{2164528A-51CB-46A4-8447-53A43AE82594}.Release|Any CPU.Build.0 = Release|Any CPU
		{2164528A-51CB-46A4-8447-53A43AE82594}.Release|Any CPU.Deploy.0 = Release|Any CPU
		{CB63AB3A-F5D0-4D10-BDF1-F2A5F02E781E}.Debug|Any CPU.ActiveCfg = Debug|Any CPU
		{CB63AB3A-F5D0-4D10-BDF1-F2A5F02E781E}.Debug|Any CPU.Build.0 = Debug|Any CPU
		{CB63AB3A-F5D0-4D10-BDF1-F2A5F02E781E}.Release|Any CPU.ActiveCfg = Release|Any CPU
		{CB63AB3A-F5D0-4D10-BDF1-F2A5F02E781E}.Release|Any CPU.Build.0 = Release|Any CPU
		{3CDA7F39-0FB8-4D10-B28F-D9631FB3379E}.Debug|Any CPU.ActiveCfg = Debug|Any CPU
		{3CDA7F39-0FB8-4D10-B28F-D9631FB3379E}.Debug|Any CPU.Build.0 = Debug|Any CPU
		{3CDA7F39-0FB8-4D10-B28F-D9631FB3379E}.Release|Any CPU.ActiveCfg = Release|Any CPU
		{3CDA7F39-0FB8-4D10-B28F-D9631FB3379E}.Release|Any CPU.Build.0 = Release|Any CPU
		{1D82580A-F1F6-4F98-ABF2-742135237B1D}.Debug|Any CPU.ActiveCfg = Debug|Any CPU
		{1D82580A-F1F6-4F98-ABF2-742135237B1D}.Debug|Any CPU.Build.0 = Debug|Any CPU
		{1D82580A-F1F6-4F98-ABF2-742135237B1D}.Release|Any CPU.ActiveCfg = Release|Any CPU
		{1D82580A-F1F6-4F98-ABF2-742135237B1D}.Release|Any CPU.Build.0 = Release|Any CPU
		{33AFAC2C-84DD-4863-8D1B-0193EAC0813B}.Debug|Any CPU.ActiveCfg = Debug|Any CPU
		{33AFAC2C-84DD-4863-8D1B-0193EAC0813B}.Debug|Any CPU.Build.0 = Debug|Any CPU
		{33AFAC2C-84DD-4863-8D1B-0193EAC0813B}.Release|Any CPU.ActiveCfg = Release|Any CPU
		{33AFAC2C-84DD-4863-8D1B-0193EAC0813B}.Release|Any CPU.Build.0 = Release|Any CPU
		{F99AF5C2-86FC-4435-9DDE-D15F904BA386}.Debug|Any CPU.ActiveCfg = Debug|Any CPU
		{F99AF5C2-86FC-4435-9DDE-D15F904BA386}.Debug|Any CPU.Build.0 = Debug|Any CPU
		{F99AF5C2-86FC-4435-9DDE-D15F904BA386}.Release|Any CPU.ActiveCfg = Release|Any CPU
		{F99AF5C2-86FC-4435-9DDE-D15F904BA386}.Release|Any CPU.Build.0 = Release|Any CPU
		{8B88F188-0B0C-40F5-8B83-58E07A6D85F4}.Debug|Any CPU.ActiveCfg = Debug|Any CPU
		{8B88F188-0B0C-40F5-8B83-58E07A6D85F4}.Debug|Any CPU.Build.0 = Debug|Any CPU
		{8B88F188-0B0C-40F5-8B83-58E07A6D85F4}.Release|Any CPU.ActiveCfg = Release|Any CPU
		{8B88F188-0B0C-40F5-8B83-58E07A6D85F4}.Release|Any CPU.Build.0 = Release|Any CPU
		{BEE2EA4F-7A6F-4903-8541-EA089E62EF03}.Debug|Any CPU.ActiveCfg = Debug|Any CPU
		{BEE2EA4F-7A6F-4903-8541-EA089E62EF03}.Debug|Any CPU.Build.0 = Debug|Any CPU
		{BEE2EA4F-7A6F-4903-8541-EA089E62EF03}.Release|Any CPU.ActiveCfg = Release|Any CPU
		{BEE2EA4F-7A6F-4903-8541-EA089E62EF03}.Release|Any CPU.Build.0 = Release|Any CPU
		{F0B68CAF-D8DE-409B-AC3D-4154363E4E2E}.Debug|Any CPU.ActiveCfg = Debug|Any CPU
		{F0B68CAF-D8DE-409B-AC3D-4154363E4E2E}.Debug|Any CPU.Build.0 = Debug|Any CPU
		{F0B68CAF-D8DE-409B-AC3D-4154363E4E2E}.Release|Any CPU.ActiveCfg = Release|Any CPU
		{F0B68CAF-D8DE-409B-AC3D-4154363E4E2E}.Release|Any CPU.Build.0 = Release|Any CPU
		{92D0718B-C768-4AE5-B4BC-FEF26953B64C}.Debug|Any CPU.ActiveCfg = Debug|Any CPU
		{92D0718B-C768-4AE5-B4BC-FEF26953B64C}.Debug|Any CPU.Build.0 = Debug|Any CPU
		{92D0718B-C768-4AE5-B4BC-FEF26953B64C}.Release|Any CPU.ActiveCfg = Release|Any CPU
		{92D0718B-C768-4AE5-B4BC-FEF26953B64C}.Release|Any CPU.Build.0 = Release|Any CPU
	EndGlobalSection
	GlobalSection(SolutionProperties) = preSolution
		HideSolutionNode = FALSE
	EndGlobalSection
EndGlobal
